asgiref==3.7.2
async-timeout==4.0.3
certifi==2024.2.2
cffi==1.16.0
charset-normalizer==3.3.2
cryptography==40.0.2
Django==4.2.11
django-redis==5.2.0
djangorestframework==3.14.0
djangorestframework-recursive==0.1.2
idna==3.6
mysqlclient==2.1.1
pip==24.0
pycparser==2.21
pytz==2024.1
redis==4.5.5
requests==2.29.0
setuptools==66.1.1
sqlparse==0.4.4
urllib3==1.26.18
